
Microsoft Visual Studio Solution File, Format Version 12.00
# Visual Studio Version 17
VisualStudioVersion = 17.11.35312.102
MinimumVisualStudioVersion = 10.0.40219.1
Project("{FAE04EC0-301F-11D3-BF4B-00C04F79EFBC}") = "test-group-app2", "test-group-app2\test-group-app2.csproj", "{26BDCE43-B25B-47CC-9A74-1B1F26C93335}"
EndProject
Global
	GlobalSection(SolutionConfigurationPlatforms) = preSolution
		Debug|Any CPU = Debug|Any CPU
		Release|Any CPU = Release|Any CPU
	EndGlobalSection
	GlobalSection(ProjectConfigurationPlatforms) = postSolution
		{26BDCE43-B25B-47CC-9A74-1B1F26C93335}.Debug|Any CPU.ActiveCfg = Debug|Any CPU
		{26BDCE43-B25B-47CC-9A74-1B1F26C93335}.Debug|Any CPU.Build.0 = Debug|Any CPU
		{26BDCE43-B25B-47CC-9A74-1B1F26C93335}.Release|Any CPU.ActiveCfg = Release|Any CPU
		{26BDCE43-B25B-47CC-9A74-1B1F26C93335}.Release|Any CPU.Build.0 = Release|Any CPU
	EndGlobalSection
	GlobalSection(SolutionProperties) = preSolution
		HideSolutionNode = FALSE
	EndGlobalSection
	GlobalSection(ExtensibilityGlobals) = postSolution
		SolutionGuid = {AE501126-22BF-4F01-BB2F-40801557709C}
	EndGlobalSection
EndGlobal
